// !$*UTF8*$!
{
	archiveVersion = 1;
	classes = {
	};
	objectVersion = 77;
	objects = {

/* Begin PBXContainerItemProxy section */
		21ABD6422DFA4AAF0086628D /* PBXContainerItemProxy */ = {
			isa = PBXContainerItemProxy;
			containerPortal = 21ABD62C2DFA4AAD0086628D /* Project object */;
			proxyType = 1;
			remoteGlobalIDString = 21ABD6332DFA4AAD0086628D;
			remoteInfo = Widgeme;
		};
		21ABD64C2DFA4AAF0086628D /* PBXContainerItemProxy */ = {
			isa = PBXContainerItemProxy;
			containerPortal = 21ABD62C2DFA4AAD0086628D /* Project object */;
			proxyType = 1;
			remoteGlobalIDString = 21ABD6332DFA4AAD0086628D;
			remoteInfo = Widgeme;
		};
/* End PBXContainerItemProxy section */

/* Begin PBXFileReference section */
		21ABD6342DFA4AAD0086628D /* Widgeme.app */ = {isa = PBXFileReference; explicitFileType = wrapper.application; includeInIndex = 0; path = Widgeme.app; sourceTree = BUILT_PRODUCTS_DIR; };
		21ABD6412DFA4AAF0086628D /* WidgemeTests.xctest */ = {isa = PBXFileReference; explicitFileType = wrapper.cfbundle; includeInIndex = 0; path = WidgemeTests.xctest; sourceTree = BUILT_PRODUCTS_DIR; };
		21ABD64B2DFA4AAF0086628D /* WidgemeUITests.xctest */ = {isa = PBXFileReference; explicitFileType = wrapper.cfbundle; includeInIndex = 0; path = WidgemeUITests.xctest; sourceTree = BUILT_PRODUCTS_DIR; };
/* End PBXFileReference section */

/* Begin PBXFileSystemSynchronizedRootGroup section */
		21ABD6362DFA4AAD0086628D /* Widgeme */ = {
			isa = PBXFileSystemSynchronizedRootGroup;
			path = Widgeme;
			sourceTree = "<group>";
		};
		21ABD6442DFA4AAF0086628D /* WidgemeTests */ = {
			isa = PBXFileSystemSynchronizedRootGroup;
			path = WidgemeTests;
			sourceTree = "<group>";
		};
		21ABD64E2DFA4AAF0086628D /* WidgemeUITests */ = {
			isa = PBXFileSystemSynchronizedRootGroup;
			path = WidgemeUITests;
			sourceTree = "<group>";
		};
/* End PBXFileSystemSynchronizedRootGroup section */

/* Begin PBXFrameworksBuildPhase section */
		21ABD6312DFA4AAD0086628D /* Frameworks */ = {
			isa = PBXFrameworksBuildPhase;
			buildActionMask = 2147483647;
			files = (
			);
			runOnlyForDeploymentPostprocessing = 0;
		};
		21ABD63E2DFA4AAF0086628D /* Frameworks */ = {
			isa = PBXFrameworksBuildPhase;
			buildActionMask = 2147483647;
			files = (
			);
			runOnlyForDeploymentPostprocessing = 0;
		};
		21ABD6482DFA4AAF0086628D /* Frameworks */ = {
			isa = PBXFrameworksBuildPhase;
			buildActionMask = 2147483647;
			files = (
			);
			runOnlyForDeploymentPostprocessing = 0;
		};
/* End PBXFrameworksBuildPhase section */

/* Begin PBXGroup section */
		21ABD62B2DFA4AAD0086628D = {
			isa = PBXGroup;
			children = (
				21ABD6362DFA4AAD0086628D /* Widgeme */,
				21ABD6442DFA4AAF0086628D /* WidgemeTests */,
				21ABD64E2DFA4AAF0086628D /* WidgemeUITests */,
				21ABD6352DFA4AAD0086628D /* Products */,
			);
			sourceTree = "<group>";
		};
		21ABD6352DFA4AAD0086628D /* Products */ = {
			isa = PBXGroup;
			children = (
				21ABD6342DFA4AAD0086628D /* Widgeme.app */,
				21ABD6412DFA4AAF0086628D /* WidgemeTests.xctest */,
				21ABD64B2DFA4AAF0086628D /* WidgemeUITests.xctest */,
			);
			name = Products;
			sourceTree = "<group>";
		};
/* End PBXGroup section */

/* Begin PBXNativeTarget section */
		21ABD6332DFA4AAD0086628D /* Widgeme */ = {
			isa = PBXNativeTarget;
			buildConfigurationList = 21ABD6552DFA4AAF0086628D /* Build configuration list for PBXNativeTarget "Widgeme" */;
			buildPhases = (
				21ABD6302DFA4AAD0086628D /* Sources */,
				21ABD6312DFA4AAD0086628D /* Frameworks */,
				21ABD6322DFA4AAD0086628D /* Resources */,
			);
			buildRules = (
			);
			dependencies = (
			);
			fileSystemSynchronizedGroups = (
				21ABD6362DFA4AAD0086628D /* Widgeme */,
			);
			name = Widgeme;
			packageProductDependencies = (
			);
			productName = Widgeme;
			productReference = 21ABD6342DFA4AAD0086628D /* Widgeme.app */;
			productType = "com.apple.product-type.application";
		};
		21ABD6402DFA4AAF0086628D /* WidgemeTests */ = {
			isa = PBXNativeTarget;
			buildConfigurationList = 21ABD6582DFA4AAF0086628D /* Build configuration list for PBXNativeTarget "WidgemeTests" */;
			buildPhases = (
				21ABD63D2DFA4AAF0086628D /* Sources */,
				21ABD63E2DFA4AAF0086628D /* Frameworks */,
				21ABD63F2DFA4AAF0086628D /* Resources */,
			);
			buildRules = (
			);
			dependencies = (
				21ABD6432DFA4AAF0086628D /* PBXTargetDependency */,
			);
			fileSystemSynchronizedGroups = (
				21ABD6442DFA4AAF0086628D /* WidgemeTests */,
			);
			name = WidgemeTests;
			packageProductDependencies = (
			);
			productName = WidgemeTests;
			productReference = 21ABD6412DFA4AAF0086628D /* WidgemeTests.xctest */;
			productType = "com.apple.product-type.bundle.unit-test";
		};
		21ABD64A2DFA4AAF0086628D /* WidgemeUITests */ = {
			isa = PBXNativeTarget;
			buildConfigurationList = 21ABD65B2DFA4AAF0086628D /* Build configuration list for PBXNativeTarget "WidgemeUITests" */;
			buildPhases = (
				21ABD6472DFA4AAF0086628D /* Sources */,
				21ABD6482DFA4AAF0086628D /* Frameworks */,
				21ABD6492DFA4AAF0086628D /* Resources */,
			);
			buildRules = (
			);
			dependencies = (
				21ABD64D2DFA4AAF0086628D /* PBXTargetDependency */,
			);
			fileSystemSynchronizedGroups = (
				21ABD64E2DFA4AAF0086628D /* WidgemeUITests */,
			);
			name = WidgemeUITests;
			packageProductDependencies = (
			);
			productName = WidgemeUITests;
			productReference = 21ABD64B2DFA4AAF0086628D /* WidgemeUITests.xctest */;
			productType = "com.apple.product-type.bundle.ui-testing";
		};
/* End PBXNativeTarget section */

/* Begin PBXProject section */
		21ABD62C2DFA4AAD0086628D /* Project object */ = {
			isa = PBXProject;
			attributes = {
				BuildIndependentTargetsInParallel = 1;
				LastSwiftUpdateCheck = 1640;
				LastUpgradeCheck = 1640;
				TargetAttributes = {
					21ABD6332DFA4AAD0086628D = {
						CreatedOnToolsVersion = 16.4;
					};
					21ABD6402DFA4AAF0086628D = {
						CreatedOnToolsVersion = 16.4;
						TestTargetID = 21ABD6332DFA4AAD0086628D;
					};
					21ABD64A2DFA4AAF0086628D = {
						CreatedOnToolsVersion = 16.4;
						TestTargetID = 21ABD6332DFA4AAD0086628D;
					};
				};
			};
			buildConfigurationList = 21ABD62F2DFA4AAD0086628D /* Build configuration list for PBXProject "Widgeme" */;
			developmentRegion = en;
			hasScannedForEncodings = 0;
			knownRegions = (
				en,
				Base,
			);
			mainGroup = 21ABD62B2DFA4AAD0086628D;
			minimizedProjectReferenceProxies = 1;
			preferredProjectObjectVersion = 77;
			productRefGroup = 21ABD6352DFA4AAD0086628D /* Products */;
			projectDirPath = "";
			projectRoot = "";
			targets = (
				21ABD6332DFA4AAD0086628D /* Widgeme */,
				21ABD6402DFA4AAF0086628D /* WidgemeTests */,
				21ABD64A2DFA4AAF0086628D /* WidgemeUITests */,
			);
		};
/* End PBXProject section */

/* Begin PBXResourcesBuildPhase section */
		21ABD6322DFA4AAD0086628D /* Resources */ = {
			isa = PBXResourcesBuildPhase;
			buildActionMask = 2147483647;
			files = (
			);
			runOnlyForDeploymentPostprocessing = 0;
		};
		21ABD63F2DFA4AAF0086628D /* Resources */ = {
			isa = PBXResourcesBuildPhase;
			buildActionMask = 2147483647;
			files = (
			);
			runOnlyForDeploymentPostprocessing = 0;
		};
		21ABD6492DFA4AAF0086628D /* Resources */ = {
			isa = PBXResourcesBuildPhase;
			buildActionMask = 2147483647;
			files = (
			);
			runOnlyForDeploymentPostprocessing = 0;
		};
/* End PBXResourcesBuildPhase section */

/* Begin PBXSourcesBuildPhase section */
		21ABD6302DFA4AAD0086628D /* Sources */ = {
			isa = PBXSourcesBuildPhase;
			buildActionMask = 2147483647;
			files = (
			);
			runOnlyForDeploymentPostprocessing = 0;
		};
		21ABD63D2DFA4AAF0086628D /* Sources */ = {
			isa = PBXSourcesBuildPhase;
			buildActionMask = 2147483647;
			files = (
			);
			runOnlyForDeploymentPostprocessing = 0;
		};
		21ABD6472DFA4AAF0086628D /* Sources */ = {
			isa = PBXSourcesBuildPhase;
			buildActionMask = 2147483647;
			files = (
			);
			runOnlyForDeploymentPostprocessing = 0;
		};
/* End PBXSourcesBuildPhase section */

/* Begin PBXTargetDependency section */
		21ABD6432DFA4AAF0086628D /* PBXTargetDependency */ = {
			isa = PBXTargetDependency;
			target = 21ABD6332DFA4AAD0086628D /* Widgeme */;
			targetProxy = 21ABD6422DFA4AAF0086628D /* PBXContainerItemProxy */;
		};
		21ABD64D2DFA4AAF0086628D /* PBXTargetDependency */ = {
			isa = PBXTargetDependency;
			target = 21ABD6332DFA4AAD0086628D /* Widgeme */;
			targetProxy = 21ABD64C2DFA4AAF0086628D /* PBXContainerItemProxy */;
		};
/* End PBXTargetDependency section */

/* Begin XCBuildConfiguration section */
		21ABD6532DFA4AAF0086628D /* Debug */ = {
			isa = XCBuildConfiguration;
			buildSettings = {
				ALWAYS_SEARCH_USER_PATHS = NO;
				ASSETCATALOG_COMPILER_GENERATE_SWIFT_ASSET_SYMBOL_EXTENSIONS = YES;
				CLANG_ANALYZER_NONNULL = YES;
				CLANG_ANALYZER_NUMBER_OBJECT_CONVERSION = YES_AGGRESSIVE;
				CLANG_CXX_LANGUAGE_STANDARD = "gnu++20";
				CLANG_ENABLE_MODULES = YES;
				CLANG_ENABLE_OBJC_ARC = YES;
				CLANG_ENABLE_OBJC_WEAK = YES;
				CLANG_WARN_BLOCK_CAPTURE_AUTORELEASING = YES;
				CLANG_WARN_BOOL_CONVERSION = YES;
				CLANG_WARN_COMMA = YES;
				CLANG_WARN_CONSTANT_CONVERSION = YES;
				CLANG_WARN_DEPRECATED_OBJC_IMPLEMENTATIONS = YES;
				CLANG_WARN_DIRECT_OBJC_ISA_USAGE = YES_ERROR;
				CLANG_WARN_DOCUMENTATION_COMMENTS = YES;
				CLANG_WARN_EMPTY_BODY = YES;
				CLANG_WARN_ENUM_CONVERSION = YES;
				CLANG_WARN_INFINITE_RECURSION = YES;
				CLANG_WARN_INT_CONVERSION = YES;
				CLANG_WARN_NON_LITERAL_NULL_CONVERSION = YES;
				CLANG_WARN_OBJC_IMPLICIT_RETAIN_SELF = YES;
				CLANG_WARN_OBJC_LITERAL_CONVERSION = YES;
				CLANG_WARN_OBJC_ROOT_CLASS = YES_ERROR;
				CLANG_WARN_QUOTED_INCLUDE_IN_FRAMEWORK_HEADER = YES;
				CLANG_WARN_RANGE_LOOP_ANALYSIS = YES;
				CLANG_WARN_STRICT_PROTOTYPES = YES;
				CLANG_WARN_SUSPICIOUS_MOVE = YES;
				CLANG_WARN_UNGUARDED_AVAILABILITY = YES_AGGRESSIVE;
				CLANG_WARN_UNREACHABLE_CODE = YES;
				CLANG_WARN__DUPLICATE_METHOD_MATCH = YES;
				COPY_PHASE_STRIP = NO;
				DEBUG_INFORMATION_FORMAT = dwarf;
				DEVELOPMENT_TEAM = SDVM3QJL8X;
				ENABLE_STRICT_OBJC_MSGSEND = YES;
				ENABLE_TESTABILITY = YES;
				ENABLE_USER_SCRIPT_SANDBOXING = YES;
				GCC_C_LANGUAGE_STANDARD = gnu17;
				GCC_DYNAMIC_NO_PIC = NO;
				GCC_NO_COMMON_BLOCKS = YES;
				GCC_OPTIMIZATION_LEVEL = 0;
				GCC_PREPROCESSOR_DEFINITIONS = (
					"DEBUG=1",
					"$(inherited)",
				);
				GCC_WARN_64_TO_32_BIT_CONVERSION = YES;
				GCC_WARN_ABOUT_RETURN_TYPE = YES_ERROR;
				GCC_WARN_UNDECLARED_SELECTOR = YES;
				GCC_WARN_UNINITIALIZED_AUTOS = YES_AGGRESSIVE;
				GCC_WARN_UNUSED_FUNCTION = YES;
				GCC_WARN_UNUSED_VARIABLE = YES;
				IPHONEOS_DEPLOYMENT_TARGET = 18.5;
				LOCALIZATION_PREFERS_STRING_CATALOGS = YES;
				MTL_ENABLE_DEBUG_INFO = INCLUDE_SOURCE;
				MTL_FAST_MATH = YES;
				ONLY_ACTIVE_ARCH = YES;
				SDKROOT = iphoneos;
				SWIFT_ACTIVE_COMPILATION_CONDITIONS = "DEBUG $(inherited)";
				SWIFT_OPTIMIZATION_LEVEL = "-Onone";
			};
			name = Debug;
		};
		21ABD6542DFA4AAF0086628D /* Release */ = {
			isa = XCBuildConfiguration;
			buildSettings = {
				ALWAYS_SEARCH_USER_PATHS = NO;
				ASSETCATALOG_COMPILER_GENERATE_SWIFT_ASSET_SYMBOL_EXTENSIONS = YES;
				CLANG_ANALYZER_NONNULL = YES;
				CLANG_ANALYZER_NUMBER_OBJECT_CONVERSION = YES_AGGRESSIVE;
				CLANG_CXX_LANGUAGE_STANDARD = "gnu++20";
				CLANG_ENABLE_MODULES = YES;
				CLANG_ENABLE_OBJC_ARC = YES;
				CLANG_ENABLE_OBJC_WEAK = YES;
				CLANG_WARN_BLOCK_CAPTURE_AUTORELEASING = YES;
				CLANG_WARN_BOOL_CONVERSION = YES;
				CLANG_WARN_COMMA = YES;
				CLANG_WARN_CONSTANT_CONVERSION = YES;
				CLANG_WARN_DEPRECATED_OBJC_IMPLEMENTATIONS = YES;
				CLANG_WARN_DIRECT_OBJC_ISA_USAGE = YES_ERROR;
				CLANG_WARN_DOCUMENTATION_COMMENTS = YES;
				CLANG_WARN_EMPTY_BODY = YES;
				CLANG_WARN_ENUM_CONVERSION = YES;
				CLANG_WARN_INFINITE_RECURSION = YES;
				CLANG_WARN_INT_CONVERSION = YES;
				CLANG_WARN_NON_LITERAL_NULL_CONVERSION = YES;
				CLANG_WARN_OBJC_IMPLICIT_RETAIN_SELF = YES;
				CLANG_WARN_OBJC_LITERAL_CONVERSION = YES;
				CLANG_WARN_OBJC_ROOT_CLASS = YES_ERROR;
				CLANG_WARN_QUOTED_INCLUDE_IN_FRAMEWORK_HEADER = YES;
				CLANG_WARN_RANGE_LOOP_ANALYSIS = YES;
				CLANG_WARN_STRICT_PROTOTYPES = YES;
				CLANG_WARN_SUSPICIOUS_MOVE = YES;
				CLANG_WARN_UNGUARDED_AVAILABILITY = YES_AGGRESSIVE;
				CLANG_WARN_UNREACHABLE_CODE = YES;
				CLANG_WARN__DUPLICATE_METHOD_MATCH = YES;
				COPY_PHASE_STRIP = NO;
				DEBUG_INFORMATION_FORMAT = "dwarf-with-dsym";
				DEVELOPMENT_TEAM = SDVM3QJL8X;
				ENABLE_NS_ASSERTIONS = NO;
				ENABLE_STRICT_OBJC_MSGSEND = YES;
				ENABLE_USER_SCRIPT_SANDBOXING = YES;
				GCC_C_LANGUAGE_STANDARD = gnu17;
				GCC_NO_COMMON_BLOCKS = YES;
				GCC_WARN_64_TO_32_BIT_CONVERSION = YES;
				GCC_WARN_ABOUT_RETURN_TYPE = YES_ERROR;
				GCC_WARN_UNDECLARED_SELECTOR = YES;
				GCC_WARN_UNINITIALIZED_AUTOS = YES_AGGRESSIVE;
				GCC_WARN_UNUSED_FUNCTION = YES;
				GCC_WARN_UNUSED_VARIABLE = YES;
				IPHONEOS_DEPLOYMENT_TARGET = 18.5;
				LOCALIZATION_PREFERS_STRING_CATALOGS = YES;
				MTL_ENABLE_DEBUG_INFO = NO;
				MTL_FAST_MATH = YES;
				SDKROOT = iphoneos;
				SWIFT_COMPILATION_MODE = wholemodule;
				VALIDATE_PRODUCT = YES;
			};
			name = Release;
		};
		21ABD6562DFA4AAF0086628D /* Debug */ = {
			isa = XCBuildConfiguration;
			buildSettings = {
				ASSETCATALOG_COMPILER_APPICON_NAME = AppIcon;
				ASSETCATALOG_COMPILER_GLOBAL_ACCENT_COLOR_NAME = AccentColor;
				CODE_SIGN_ENTITLEMENTS = Widgeme/Widgeme.entitlements;
				CODE_SIGN_STYLE = Automatic;
				CURRENT_PROJECT_VERSION = 1;
				DEVELOPMENT_TEAM = SDVM3QJL8X;
				ENABLE_PREVIEWS = YES;
				GENERATE_INFOPLIST_FILE = YES;
				INFOPLIST_KEY_UIApplicationSceneManifest_Generation = YES;
				INFOPLIST_KEY_UIApplicationSupportsIndirectInputEvents = YES;
				INFOPLIST_KEY_UILaunchScreen_Generation = YES;
				INFOPLIST_KEY_UISupportedInterfaceOrientations_iPad = "UIInterfaceOrientationPortrait UIInterfaceOrientationPortraitUpsideDown UIInterfaceOrientationLandscapeLeft UIInterfaceOrientationLandscapeRight";
				INFOPLIST_KEY_UISupportedInterfaceOrientations_iPhone = "UIInterfaceOrientationPortrait UIInterfaceOrientationLandscapeLeft UIInterfaceOrientationLandscapeRight";
				LD_RUNPATH_SEARCH_PATHS = (
					"$(inherited)",
					"@executable_path/Frameworks",
				);
				MARKETING_VERSION = 1.0;
				PRODUCT_BUNDLE_IDENTIFIER = Test.Widgeme;
				PRODUCT_NAME = "$(TARGET_NAME)";
				SWIFT_EMIT_LOC_STRINGS = YES;
				SWIFT_VERSION = 5.0;
				TARGETED_DEVICE_FAMILY = "1,2";
			};
			name = Debug;
		};
		21ABD6572DFA4AAF0086628D /* Release */ = {
			isa = XCBuildConfiguration;
			buildSettings = {
				ASSETCATALOG_COMPILER_APPICON_NAME = AppIcon;
				ASSETCATALOG_COMPILER_GLOBAL_ACCENT_COLOR_NAME = AccentColor;
				CODE_SIGN_ENTITLEMENTS = Widgeme/Widgeme.entitlements;
				CODE_SIGN_STYLE = Automatic;
				CURRENT_PROJECT_VERSION = 1;
				DEVELOPMENT_TEAM = SDVM3QJL8X;
				ENABLE_PREVIEWS = YES;
				GENERATE_INFOPLIST_FILE = YES;
				INFOPLIST_KEY_UIApplicationSceneManifest_Generation = YES;
				INFOPLIST_KEY_UIApplicationSupportsIndirectInputEvents = YES;
				INFOPLIST_KEY_UILaunchScreen_Generation = YES;
				INFOPLIST_KEY_UISupportedInterfaceOrientations_iPad = "UIInterfaceOrientationPortrait UIInterfaceOrientationPortraitUpsideDown UIInterfaceOrientationLandscapeLeft UIInterfaceOrientationLandscapeRight";
				INFOPLIST_KEY_UISupportedInterfaceOrientations_iPhone = "UIInterfaceOrientationPortrait UIInterfaceOrientationLandscapeLeft UIInterfaceOrientationLandscapeRight";
				LD_RUNPATH_SEARCH_PATHS = (
					"$(inherited)",
					"@executable_path/Frameworks",
				);
				MARKETING_VERSION = 1.0;
				PRODUCT_BUNDLE_IDENTIFIER = Test.Widgeme;
				PRODUCT_NAME = "$(TARGET_NAME)";
				SWIFT_EMIT_LOC_STRINGS = YES;
				SWIFT_VERSION = 5.0;
				TARGETED_DEVICE_FAMILY = "1,2";
			};
			name = Release;
		};
		21ABD6592DFA4AAF0086628D /* Debug */ = {
			isa = XCBuildConfiguration;
			buildSettings = {
				BUNDLE_LOADER = "$(TEST_HOST)";
				CODE_SIGN_STYLE = Automatic;
				CURRENT_PROJECT_VERSION = 1;
				DEVELOPMENT_TEAM = SDVM3QJL8X;
				GENERATE_INFOPLIST_FILE = YES;
				IPHONEOS_DEPLOYMENT_TARGET = 18.5;
				MARKETING_VERSION = 1.0;
				PRODUCT_BUNDLE_IDENTIFIER = Test.WidgemeTests;
				PRODUCT_NAME = "$(TARGET_NAME)";
				SWIFT_EMIT_LOC_STRINGS = NO;
				SWIFT_VERSION = 5.0;
				TARGETED_DEVICE_FAMILY = "1,2";
				TEST_HOST = "$(BUILT_PRODUCTS_DIR)/Widgeme.app/$(BUNDLE_EXECUTABLE_FOLDER_PATH)/Widgeme";
			};
			name = Debug;
		};
		21ABD65A2DFA4AAF0086628D /* Release */ = {
			isa = XCBuildConfiguration;
			buildSettings = {
				BUNDLE_LOADER = "$(TEST_HOST)";
				CODE_SIGN_STYLE = Automatic;
				CURRENT_PROJECT_VERSION = 1;
				DEVELOPMENT_TEAM = SDVM3QJL8X;
				GENERATE_INFOPLIST_FILE = YES;
				IPHONEOS_DEPLOYMENT_TARGET = 18.5;
				MARKETING_VERSION = 1.0;
				PRODUCT_BUNDLE_IDENTIFIER = Test.WidgemeTests;
				PRODUCT_NAME = "$(TARGET_NAME)";
				SWIFT_EMIT_LOC_STRINGS = NO;
				SWIFT_VERSION = 5.0;
				TARGETED_DEVICE_FAMILY = "1,2";
				TEST_HOST = "$(BUILT_PRODUCTS_DIR)/Widgeme.app/$(BUNDLE_EXECUTABLE_FOLDER_PATH)/Widgeme";
			};
			name = Release;
		};
		21ABD65C2DFA4AAF0086628D /* Debug */ = {
			isa = XCBuildConfiguration;
			buildSettings = {
				CODE_SIGN_STYLE = Automatic;
				CURRENT_PROJECT_VERSION = 1;
				DEVELOPMENT_TEAM = SDVM3QJL8X;
				GENERATE_INFOPLIST_FILE = YES;
				MARKETING_VERSION = 1.0;
				PRODUCT_BUNDLE_IDENTIFIER = Test.WidgemeUITests;
				PRODUCT_NAME = "$(TARGET_NAME)";
				SWIFT_EMIT_LOC_STRINGS = NO;
				SWIFT_VERSION = 5.0;
				TARGETED_DEVICE_FAMILY = "1,2";
				TEST_TARGET_NAME = Widgeme;
			};
			name = Debug;
		};
		21ABD65D2DFA4AAF0086628D /* Release */ = {
			isa = XCBuildConfiguration;
			buildSettings = {
				CODE_SIGN_STYLE = Automatic;
				CURRENT_PROJECT_VERSION = 1;
				DEVELOPMENT_TEAM = SDVM3QJL8X;
				GENERATE_INFOPLIST_FILE = YES;
				MARKETING_VERSION = 1.0;
				PRODUCT_BUNDLE_IDENTIFIER = Test.WidgemeUITests;
				PRODUCT_NAME = "$(TARGET_NAME)";
				SWIFT_EMIT_LOC_STRINGS = NO;
				SWIFT_VERSION = 5.0;
				TARGETED_DEVICE_FAMILY = "1,2";
				TEST_TARGET_NAME = Widgeme;
			};
			name = Release;
		};
/* End XCBuildConfiguration section */

/* Begin XCConfigurationList section */
		21ABD62F2DFA4AAD0086628D /* Build configuration list for PBXProject "Widgeme" */ = {
			isa = XCConfigurationList;
			buildConfigurations = (
				21ABD6532DFA4AAF0086628D /* Debug */,
				21ABD6542DFA4AAF0086628D /* Release */,
			);
			defaultConfigurationIsVisible = 0;
			defaultConfigurationName = Release;
		};
		21ABD6552DFA4AAF0086628D /* Build configuration list for PBXNativeTarget "Widgeme" */ = {
			isa = XCConfigurationList;
			buildConfigurations = (
				21ABD6562DFA4AAF0086628D /* Debug */,
				21ABD6572DFA4AAF0086628D /* Release */,
			);
			defaultConfigurationIsVisible = 0;
			defaultConfigurationName = Release;
		};
		21ABD6582DFA4AAF0086628D /* Build configuration list for PBXNativeTarget "WidgemeTests" */ = {
			isa = XCConfigurationList;
			buildConfigurations = (
				21ABD6592DFA4AAF0086628D /* Debug */,
				21ABD65A2DFA4AAF0086628D /* Release */,
			);
			defaultConfigurationIsVisible = 0;
			defaultConfigurationName = Release;
		};
		21ABD65B2DFA4AAF0086628D /* Build configuration list for PBXNativeTarget "WidgemeUITests" */ = {
			isa = XCConfigurationList;
			buildConfigurations = (
				21ABD65C2DFA4AAF0086628D /* Debug */,
				21ABD65D2DFA4AAF0086628D /* Release */,
			);
			defaultConfigurationIsVisible = 0;
			defaultConfigurationName = Release;
		};
/* End XCConfigurationList section */
	};
	rootObject = 21ABD62C2DFA4AAD0086628D /* Project object */;
}
